
Microsoft Visual Studio Solution File, Format Version 12.00
# Visual Studio Version 16
VisualStudioVersion = 16.0.29009.5
MinimumVisualStudioVersion = 10.0.40219.1
Project("{FAE04EC0-301F-11D3-BF4B-00C04F79EFBC}") = "adminLTE", "adminLTE\adminLTE.csproj", "{50949945-E7AB-499F-B406-1A75E03D4B14}"
EndProject
Global
	GlobalSection(SolutionConfigurationPlatforms) = preSolution
		Debug|Any CPU = Debug|Any CPU
		Release|Any CPU = Release|Any CPU
	EndGlobalSection
	GlobalSection(ProjectConfigurationPlatforms) = postSolution
		{50949945-E7AB-499F-B406-1A75E03D4B14}.Debug|Any CPU.ActiveCfg = Debug|Any CPU
		{50949945-E7AB-499F-B406-1A75E03D4B14}.Debug|Any CPU.Build.0 = Debug|Any CPU
		{50949945-E7AB-499F-B406-1A75E03D4B14}.Release|Any CPU.ActiveCfg = Release|Any CPU
		{50949945-E7AB-499F-B406-1A75E03D4B14}.Release|Any CPU.Build.0 = Release|Any CPU
	EndGlobalSection
	GlobalSection(SolutionProperties) = preSolution
		HideSolutionNode = FALSE
	EndGlobalSection
	GlobalSection(ExtensibilityGlobals) = postSolution
		SolutionGuid = {48B0E2D2-75EE-4BCD-A7ED-5E86A6682B2A}
	EndGlobalSection
EndGlobal
